
Microsoft Visual Studio Solution File, Format Version 12.00
# Visual Studio Version 16
VisualStudioVersion = 16.0.29728.190
MinimumVisualStudioVersion = 10.0.40219.1
Project("{8BC9CEB8-8B4A-11D0-8D11-00A0C91BC942}") = "AIE_01_HelloWorld", "AIE_01_HelloWorld\AIE_01_HelloWorld.vcxproj", "{DD96856C-F712-4946-BAE9-28D9FC4D042E}"
EndProject
Project("{8BC9CEB8-8B4A-11D0-8D11-00A0C91BC942}") = "AIE_02_VariableSizes", "AIE_02_VariableSizes\AIE_02_VariableSizes.vcxproj", "{3EAEF085-4091-4194-855A-B242C9947F25}"
EndProject
Project("{8BC9CEB8-8B4A-11D0-8D11-00A0C91BC942}") = "AIE_03_FortuneTeller", "AIE_03_FortuneTeller\AIE_03_FortuneTeller.vcxproj", "{01870775-AE54-41F6-B6E7-F9704A31103D}"
EndProject
Project("{8BC9CEB8-8B4A-11D0-8D11-00A0C91BC942}") = "Temp", "Temp\Temp.vcxproj", "{B033A4DC-967B-4CBD-B9BA-4533B37EFC92}"
EndProject
Project("{8BC9CEB8-8B4A-11D0-8D11-00A0C91BC942}") = "AIE_04_HiLow", "AIE_04_HiLow\AIE_04_HiLow.vcxproj", "{4D034118-87B4-4D96-B208-C0BE10DFA65E}"
EndProject
Project("{8BC9CEB8-8B4A-11D0-8D11-00A0C91BC942}") = "AIE_05_IsAVowel", "AIE_05_IsAVowel\AIE_05_IsAVowel.vcxproj", "{50AAF440-AB53-4C22-A322-BD488A9FE290}"
EndProject
Project("{8BC9CEB8-8B4A-11D0-8D11-00A0C91BC942}") = "AIE_06_StringLength", "AIE_06_StringLength\AIE_06_StringLength.vcxproj", "{4527ECDE-CEE2-4126-A21E-D8439C0D8F61}"
EndProject
Project("{8BC9CEB8-8B4A-11D0-8D11-00A0C91BC942}") = "AIE_07_Calculator", "AIE_07_Calculator\AIE_07_Calculator.vcxproj", "{DB83CEDB-4C2A-4FCD-BCF9-8C257B5B2C9D}"
EndProject
Project("{8BC9CEB8-8B4A-11D0-8D11-00A0C91BC942}") = "AIE_08_Greeting", "AIE_08_Greeting\AIE_08_Greeting.vcxproj", "{FEAD525A-5D5A-41D3-8336-CD24DD960B97}"
EndProject
Project("{8BC9CEB8-8B4A-11D0-8D11-00A0C91BC942}") = "AIE_09_RecursiveFibonacci", "AIE_09_RecursiveFibonacci\AIE_09_RecursiveFibonacci.vcxproj", "{09F665C8-265D-4CF9-95FD-21E98B826E5F}"
EndProject
Project("{8BC9CEB8-8B4A-11D0-8D11-00A0C91BC942}") = "AIE_10_RecursivePower", "AIE_10_RecursivePower\AIE_10_RecursivePower.vcxproj", "{CE4B77D5-2FEE-4652-ADF9-3CDC1852447B}"
EndProject
Project("{8BC9CEB8-8B4A-11D0-8D11-00A0C91BC942}") = "AIE_11_SortedArrayBinarySearch", "AIE_11_SortedArrayBinarySearch\AIE_11_SortedArrayBinarySearch.vcxproj", "{8BF54BDA-3694-42D6-81B4-5CF701644F73}"
EndProject
Project("{8BC9CEB8-8B4A-11D0-8D11-00A0C91BC942}") = "AIE_12_DragonFoodTracker", "AIE_12_DragonFoodTracker\AIE_12_DragonFoodTracker.vcxproj", "{4D71CC16-8E1B-4713-AB2D-C5DFC46460DC}"
EndProject
Project("{8BC9CEB8-8B4A-11D0-8D11-00A0C91BC942}") = "AIE_13_TicTacToeCheckWinner", "AIE_13_TicTacToeCheckWinner\AIE_13_TicTacToeCheckWinner.vcxproj", "{090289DA-0C9E-4F35-9982-92459E2ACBE5}"
EndProject
Project("{8BC9CEB8-8B4A-11D0-8D11-00A0C91BC942}") = "RaylibStarterCPP", "RaylibStarterCPP\RaylibStarterCPP.vcxproj", "{66F97E22-5E02-4257-B75C-DA71B7A17BFF}"
EndProject
Project("{8BC9CEB8-8B4A-11D0-8D11-00A0C91BC942}") = "RayGUI_Widgets", "RayGUI_Widgets\RayGUI_Widgets.vcxproj", "{5410FC57-321E-43D5-837C-7A47033041B8}"
EndProject
Project("{8BC9CEB8-8B4A-11D0-8D11-00A0C91BC942}") = "AIE_Assessment_01_TicTacToe", "AIE_Assessment_01_TicTacToe\AIE_Assessment_01_TicTacToe.vcxproj", "{5C63DCD0-8D8D-425A-8DC0-35732F012702}"
EndProject
Project("{8BC9CEB8-8B4A-11D0-8D11-00A0C91BC942}") = "TicTacToe2", "TicTacToe2\TicTacToe2.vcxproj", "{CB2174E3-8DB3-49D4-BEC7-AE07267B4063}"
EndProject
Project("{8BC9CEB8-8B4A-11D0-8D11-00A0C91BC942}") = "AIE_01_FileIO_Numbers", "AIE_01_FileIO_Numbers\AIE_01_FileIO_Numbers.vcxproj", "{923C2D32-94C3-4946-AF9D-A0476A1EEA0C}"
EndProject
Project("{8BC9CEB8-8B4A-11D0-8D11-00A0C91BC942}") = "AIE_02_FileIO_Array", "AIE_02_FileIO_Array\AIE_02_FileIO_Array.vcxproj", "{D2C55BDB-6347-4B26-A951-56E640708FA6}"
EndProject
Project("{8BC9CEB8-8B4A-11D0-8D11-00A0C91BC942}") = "AIE_03_FileIO_DynamicArray", "AIE_03_FileIO_DynamicArray\AIE_03_FileIO_DynamicArray.vcxproj", "{AC34B03C-B32F-491E-A9D7-7B0A314013C7}"
EndProject
Project("{8BC9CEB8-8B4A-11D0-8D11-00A0C91BC942}") = "AIE_04_FileIO_Struct", "AIE_04_FileIO_Struct\AIE_04_FileIO_Struct.vcxproj", "{5AE0CE03-1E5D-47D6-9BB0-54948F14936D}"
EndProject
Project("{8BC9CEB8-8B4A-11D0-8D11-00A0C91BC942}") = "AIE_05_FileIO_Struct2", "AIE_05_FileIO_Struct2\AIE_05_FileIO_Struct2.vcxproj", "{A6DA4950-96C2-482C-84C5-140FFE858C95}"
EndProject
Project("{8BC9CEB8-8B4A-11D0-8D11-00A0C91BC942}") = "IntroCPP_BinaryFileIO_NPCData", "..\..\..\Downloads\Debugging_Assessment_IntroCPP\IntroCPP_BinaryFileIO_NPCData\IntroCPP_BinaryFileIO_NPCData.vcxproj", "{7544D2EA-300C-4AEB-AA7F-438762AE001F}"
EndProject
Global
	GlobalSection(SolutionConfigurationPlatforms) = preSolution
		Debug|x64 = Debug|x64
		Debug|x86 = Debug|x86
		Release|x64 = Release|x64
		Release|x86 = Release|x86
	EndGlobalSection
	GlobalSection(ProjectConfigurationPlatforms) = postSolution
		{DD96856C-F712-4946-BAE9-28D9FC4D042E}.Debug|x64.ActiveCfg = Debug|x64
		{DD96856C-F712-4946-BAE9-28D9FC4D042E}.Debug|x64.Build.0 = Debug|x64
		{DD96856C-F712-4946-BAE9-28D9FC4D042E}.Debug|x86.ActiveCfg = Debug|Win32
		{DD96856C-F712-4946-BAE9-28D9FC4D042E}.Debug|x86.Build.0 = Debug|Win32
		{DD96856C-F712-4946-BAE9-28D9FC4D042E}.Release|x64.ActiveCfg = Release|x64
		{DD96856C-F712-4946-BAE9-28D9FC4D042E}.Release|x64.Build.0 = Release|x64
		{DD96856C-F712-4946-BAE9-28D9FC4D042E}.Release|x86.ActiveCfg = Release|Win32
		{DD96856C-F712-4946-BAE9-28D9FC4D042E}.Release|x86.Build.0 = Release|Win32
		{3EAEF085-4091-4194-855A-B242C9947F25}.Debug|x64.ActiveCfg = Debug|x64
		{3EAEF085-4091-4194-855A-B242C9947F25}.Debug|x64.Build.0 = Debug|x64
		{3EAEF085-4091-4194-855A-B242C9947F25}.Debug|x86.ActiveCfg = Debug|Win32
		{3EAEF085-4091-4194-855A-B242C9947F25}.Debug|x86.Build.0 = Debug|Win32
		{3EAEF085-4091-4194-855A-B242C9947F25}.Release|x64.ActiveCfg = Release|x64
		{3EAEF085-4091-4194-855A-B242C9947F25}.Release|x64.Build.0 = Release|x64
		{3EAEF085-4091-4194-855A-B242C9947F25}.Release|x86.ActiveCfg = Release|Win32
		{3EAEF085-4091-4194-855A-B242C9947F25}.Release|x86.Build.0 = Release|Win32
		{01870775-AE54-41F6-B6E7-F9704A31103D}.Debug|x64.ActiveCfg = Debug|x64
		{01870775-AE54-41F6-B6E7-F9704A31103D}.Debug|x64.Build.0 = Debug|x64
		{01870775-AE54-41F6-B6E7-F9704A31103D}.Debug|x86.ActiveCfg = Debug|Win32
		{01870775-AE54-41F6-B6E7-F9704A31103D}.Debug|x86.Build.0 = Debug|Win32
		{01870775-AE54-41F6-B6E7-F9704A31103D}.Release|x64.ActiveCfg = Release|x64
		{01870775-AE54-41F6-B6E7-F9704A31103D}.Release|x64.Build.0 = Release|x64
		{01870775-AE54-41F6-B6E7-F9704A31103D}.Release|x86.ActiveCfg = Release|Win32
		{01870775-AE54-41F6-B6E7-F9704A31103D}.Release|x86.Build.0 = Release|Win32
		{B033A4DC-967B-4CBD-B9BA-4533B37EFC92}.Debug|x64.ActiveCfg = Debug|x64
		{B033A4DC-967B-4CBD-B9BA-4533B37EFC92}.Debug|x64.Build.0 = Debug|x64
		{B033A4DC-967B-4CBD-B9BA-4533B37EFC92}.Debug|x86.ActiveCfg = Debug|Win32
		{B033A4DC-967B-4CBD-B9BA-4533B37EFC92}.Debug|x86.Build.0 = Debug|Win32
		{B033A4DC-967B-4CBD-B9BA-4533B37EFC92}.Release|x64.ActiveCfg = Release|x64
		{B033A4DC-967B-4CBD-B9BA-4533B37EFC92}.Release|x64.Build.0 = Release|x64
		{B033A4DC-967B-4CBD-B9BA-4533B37EFC92}.Release|x86.ActiveCfg = Release|Win32
		{B033A4DC-967B-4CBD-B9BA-4533B37EFC92}.Release|x86.Build.0 = Release|Win32
		{4D034118-87B4-4D96-B208-C0BE10DFA65E}.Debug|x64.ActiveCfg = Debug|x64
		{4D034118-87B4-4D96-B208-C0BE10DFA65E}.Debug|x64.Build.0 = Debug|x64
		{4D034118-87B4-4D96-B208-C0BE10DFA65E}.Debug|x86.ActiveCfg = Debug|Win32
		{4D034118-87B4-4D96-B208-C0BE10DFA65E}.Debug|x86.Build.0 = Debug|Win32
		{4D034118-87B4-4D96-B208-C0BE10DFA65E}.Release|x64.ActiveCfg = Release|x64
		{4D034118-87B4-4D96-B208-C0BE10DFA65E}.Release|x64.Build.0 = Release|x64
		{4D034118-87B4-4D96-B208-C0BE10DFA65E}.Release|x86.ActiveCfg = Release|Win32
		{4D034118-87B4-4D96-B208-C0BE10DFA65E}.Release|x86.Build.0 = Release|Win32
		{50AAF440-AB53-4C22-A322-BD488A9FE290}.Debug|x64.ActiveCfg = Debug|x64
		{50AAF440-AB53-4C22-A322-BD488A9FE290}.Debug|x64.Build.0 = Debug|x64
		{50AAF440-AB53-4C22-A322-BD488A9FE290}.Debug|x86.ActiveCfg = Debug|Win32
		{50AAF440-AB53-4C22-A322-BD488A9FE290}.Debug|x86.Build.0 = Debug|Win32
		{50AAF440-AB53-4C22-A322-BD488A9FE290}.Release|x64.ActiveCfg = Release|x64
		{50AAF440-AB53-4C22-A322-BD488A9FE290}.Release|x64.Build.0 = Release|x64
		{50AAF440-AB53-4C22-A322-BD488A9FE290}.Release|x86.ActiveCfg = Release|Win32
		{50AAF440-AB53-4C22-A322-BD488A9FE290}.Release|x86.Build.0 = Release|Win32
		{4527ECDE-CEE2-4126-A21E-D8439C0D8F61}.Debug|x64.ActiveCfg = Debug|x64
		{4527ECDE-CEE2-4126-A21E-D8439C0D8F61}.Debug|x64.Build.0 = Debug|x64
		{4527ECDE-CEE2-4126-A21E-D8439C0D8F61}.Debug|x86.ActiveCfg = Debug|Win32
		{4527ECDE-CEE2-4126-A21E-D8439C0D8F61}.Debug|x86.Build.0 = Debug|Win32
		{4527ECDE-CEE2-4126-A21E-D8439C0D8F61}.Release|x64.ActiveCfg = Release|x64
		{4527ECDE-CEE2-4126-A21E-D8439C0D8F61}.Release|x64.Build.0 = Release|x64
		{4527ECDE-CEE2-4126-A21E-D8439C0D8F61}.Release|x86.ActiveCfg = Release|Win32
		{4527ECDE-CEE2-4126-A21E-D8439C0D8F61}.Release|x86.Build.0 = Release|Win32
		{DB83CEDB-4C2A-4FCD-BCF9-8C257B5B2C9D}.Debug|x64.ActiveCfg = Debug|x64
		{DB83CEDB-4C2A-4FCD-BCF9-8C257B5B2C9D}.Debug|x64.Build.0 = Debug|x64
		{DB83CEDB-4C2A-4FCD-BCF9-8C257B5B2C9D}.Debug|x86.ActiveCfg = Debug|Win32
		{DB83CEDB-4C2A-4FCD-BCF9-8C257B5B2C9D}.Debug|x86.Build.0 = Debug|Win32
		{DB83CEDB-4C2A-4FCD-BCF9-8C257B5B2C9D}.Release|x64.ActiveCfg = Release|x64
		{DB83CEDB-4C2A-4FCD-BCF9-8C257B5B2C9D}.Release|x64.Build.0 = Release|x64
		{DB83CEDB-4C2A-4FCD-BCF9-8C257B5B2C9D}.Release|x86.ActiveCfg = Release|Win32
		{DB83CEDB-4C2A-4FCD-BCF9-8C257B5B2C9D}.Release|x86.Build.0 = Release|Win32
		{FEAD525A-5D5A-41D3-8336-CD24DD960B97}.Debug|x64.ActiveCfg = Debug|x64
		{FEAD525A-5D5A-41D3-8336-CD24DD960B97}.Debug|x64.Build.0 = Debug|x64
		{FEAD525A-5D5A-41D3-8336-CD24DD960B97}.Debug|x86.ActiveCfg = Debug|Win32
		{FEAD525A-5D5A-41D3-8336-CD24DD960B97}.Debug|x86.Build.0 = Debug|Win32
		{FEAD525A-5D5A-41D3-8336-CD24DD960B97}.Release|x64.ActiveCfg = Release|x64
		{FEAD525A-5D5A-41D3-8336-CD24DD960B97}.Release|x64.Build.0 = Release|x64
		{FEAD525A-5D5A-41D3-8336-CD24DD960B97}.Release|x86.ActiveCfg = Release|Win32
		{FEAD525A-5D5A-41D3-8336-CD24DD960B97}.Release|x86.Build.0 = Release|Win32
		{09F665C8-265D-4CF9-95FD-21E98B826E5F}.Debug|x64.ActiveCfg = Debug|x64
		{09F665C8-265D-4CF9-95FD-21E98B826E5F}.Debug|x64.Build.0 = Debug|x64
		{09F665C8-265D-4CF9-95FD-21E98B826E5F}.Debug|x86.ActiveCfg = Debug|Win32
		{09F665C8-265D-4CF9-95FD-21E98B826E5F}.Debug|x86.Build.0 = Debug|Win32
		{09F665C8-265D-4CF9-95FD-21E98B826E5F}.Release|x64.ActiveCfg = Release|x64
		{09F665C8-265D-4CF9-95FD-21E98B826E5F}.Release|x64.Build.0 = Release|x64
		{09F665C8-265D-4CF9-95FD-21E98B826E5F}.Release|x86.ActiveCfg = Release|Win32
		{09F665C8-265D-4CF9-95FD-21E98B826E5F}.Release|x86.Build.0 = Release|Win32
		{CE4B77D5-2FEE-4652-ADF9-3CDC1852447B}.Debug|x64.ActiveCfg = Debug|x64
		{CE4B77D5-2FEE-4652-ADF9-3CDC1852447B}.Debug|x64.Build.0 = Debug|x64
		{CE4B77D5-2FEE-4652-ADF9-3CDC1852447B}.Debug|x86.ActiveCfg = Debug|Win32
		{CE4B77D5-2FEE-4652-ADF9-3CDC1852447B}.Debug|x86.Build.0 = Debug|Win32
		{CE4B77D5-2FEE-4652-ADF9-3CDC1852447B}.Release|x64.ActiveCfg = Release|x64
		{CE4B77D5-2FEE-4652-ADF9-3CDC1852447B}.Release|x64.Build.0 = Release|x64
		{CE4B77D5-2FEE-4652-ADF9-3CDC1852447B}.Release|x86.ActiveCfg = Release|Win32
		{CE4B77D5-2FEE-4652-ADF9-3CDC1852447B}.Release|x86.Build.0 = Release|Win32
		{8BF54BDA-3694-42D6-81B4-5CF701644F73}.Debug|x64.ActiveCfg = Debug|x64
		{8BF54BDA-3694-42D6-81B4-5CF701644F73}.Debug|x64.Build.0 = Debug|x64
		{8BF54BDA-3694-42D6-81B4-5CF701644F73}.Debug|x86.ActiveCfg = Debug|Win32
		{8BF54BDA-3694-42D6-81B4-5CF701644F73}.Debug|x86.Build.0 = Debug|Win32
		{8BF54BDA-3694-42D6-81B4-5CF701644F73}.Release|x64.ActiveCfg = Release|x64
		{8BF54BDA-3694-42D6-81B4-5CF701644F73}.Release|x64.Build.0 = Release|x64
		{8BF54BDA-3694-42D6-81B4-5CF701644F73}.Release|x86.ActiveCfg = Release|Win32
		{8BF54BDA-3694-42D6-81B4-5CF701644F73}.Release|x86.Build.0 = Release|Win32
		{4D71CC16-8E1B-4713-AB2D-C5DFC46460DC}.Debug|x64.ActiveCfg = Debug|x64
		{4D71CC16-8E1B-4713-AB2D-C5DFC46460DC}.Debug|x64.Build.0 = Debug|x64
		{4D71CC16-8E1B-4713-AB2D-C5DFC46460DC}.Debug|x86.ActiveCfg = Debug|Win32
		{4D71CC16-8E1B-4713-AB2D-C5DFC46460DC}.Debug|x86.Build.0 = Debug|Win32
		{4D71CC16-8E1B-4713-AB2D-C5DFC46460DC}.Release|x64.ActiveCfg = Release|x64
		{4D71CC16-8E1B-4713-AB2D-C5DFC46460DC}.Release|x64.Build.0 = Release|x64
		{4D71CC16-8E1B-4713-AB2D-C5DFC46460DC}.Release|x86.ActiveCfg = Release|Win32
		{4D71CC16-8E1B-4713-AB2D-C5DFC46460DC}.Release|x86.Build.0 = Release|Win32
		{090289DA-0C9E-4F35-9982-92459E2ACBE5}.Debug|x64.ActiveCfg = Debug|x64
		{090289DA-0C9E-4F35-9982-92459E2ACBE5}.Debug|x64.Build.0 = Debug|x64
		{090289DA-0C9E-4F35-9982-92459E2ACBE5}.Debug|x86.ActiveCfg = Debug|Win32
		{090289DA-0C9E-4F35-9982-92459E2ACBE5}.Debug|x86.Build.0 = Debug|Win32
		{090289DA-0C9E-4F35-9982-92459E2ACBE5}.Release|x64.ActiveCfg = Release|x64
		{090289DA-0C9E-4F35-9982-92459E2ACBE5}.Release|x64.Build.0 = Release|x64
		{090289DA-0C9E-4F35-9982-92459E2ACBE5}.Release|x86.ActiveCfg = Release|Win32
		{090289DA-0C9E-4F35-9982-92459E2ACBE5}.Release|x86.Build.0 = Release|Win32
		{66F97E22-5E02-4257-B75C-DA71B7A17BFF}.Debug|x64.ActiveCfg = Debug|x64
		{66F97E22-5E02-4257-B75C-DA71B7A17BFF}.Debug|x64.Build.0 = Debug|x64
		{66F97E22-5E02-4257-B75C-DA71B7A17BFF}.Debug|x86.ActiveCfg = Debug|Win32
		{66F97E22-5E02-4257-B75C-DA71B7A17BFF}.Debug|x86.Build.0 = Debug|Win32
		{66F97E22-5E02-4257-B75C-DA71B7A17BFF}.Release|x64.ActiveCfg = Release|x64
		{66F97E22-5E02-4257-B75C-DA71B7A17BFF}.Release|x64.Build.0 = Release|x64
		{66F97E22-5E02-4257-B75C-DA71B7A17BFF}.Release|x86.ActiveCfg = Release|Win32
		{66F97E22-5E02-4257-B75C-DA71B7A17BFF}.Release|x86.Build.0 = Release|Win32
		{5410FC57-321E-43D5-837C-7A47033041B8}.Debug|x64.ActiveCfg = Debug|x64
		{5410FC57-321E-43D5-837C-7A47033041B8}.Debug|x64.Build.0 = Debug|x64
		{5410FC57-321E-43D5-837C-7A47033041B8}.Debug|x86.ActiveCfg = Debug|Win32
		{5410FC57-321E-43D5-837C-7A47033041B8}.Debug|x86.Build.0 = Debug|Win32
		{5410FC57-321E-43D5-837C-7A47033041B8}.Release|x64.ActiveCfg = Release|x64
		{5410FC57-321E-43D5-837C-7A47033041B8}.Release|x64.Build.0 = Release|x64
		{5410FC57-321E-43D5-837C-7A47033041B8}.Release|x86.ActiveCfg = Release|Win32
		{5410FC57-321E-43D5-837C-7A47033041B8}.Release|x86.Build.0 = Release|Win32
		{5C63DCD0-8D8D-425A-8DC0-35732F012702}.Debug|x64.ActiveCfg = Debug|x64
		{5C63DCD0-8D8D-425A-8DC0-35732F012702}.Debug|x64.Build.0 = Debug|x64
		{5C63DCD0-8D8D-425A-8DC0-35732F012702}.Debug|x86.ActiveCfg = Debug|Win32
		{5C63DCD0-8D8D-425A-8DC0-35732F012702}.Debug|x86.Build.0 = Debug|Win32
		{5C63DCD0-8D8D-425A-8DC0-35732F012702}.Release|x64.ActiveCfg = Release|x64
		{5C63DCD0-8D8D-425A-8DC0-35732F012702}.Release|x64.Build.0 = Release|x64
		{5C63DCD0-8D8D-425A-8DC0-35732F012702}.Release|x86.ActiveCfg = Release|Win32
		{5C63DCD0-8D8D-425A-8DC0-35732F012702}.Release|x86.Build.0 = Release|Win32
		{CB2174E3-8DB3-49D4-BEC7-AE07267B4063}.Debug|x64.ActiveCfg = Debug|x64
		{CB2174E3-8DB3-49D4-BEC7-AE07267B4063}.Debug|x64.Build.0 = Debug|x64
		{CB2174E3-8DB3-49D4-BEC7-AE07267B4063}.Debug|x86.ActiveCfg = Debug|Win32
		{CB2174E3-8DB3-49D4-BEC7-AE07267B4063}.Debug|x86.Build.0 = Debug|Win32
		{CB2174E3-8DB3-49D4-BEC7-AE07267B4063}.Release|x64.ActiveCfg = Release|x64
		{CB2174E3-8DB3-49D4-BEC7-AE07267B4063}.Release|x64.Build.0 = Release|x64
		{CB2174E3-8DB3-49D4-BEC7-AE07267B4063}.Release|x86.ActiveCfg = Release|Win32
		{CB2174E3-8DB3-49D4-BEC7-AE07267B4063}.Release|x86.Build.0 = Release|Win32
		{923C2D32-94C3-4946-AF9D-A0476A1EEA0C}.Debug|x64.ActiveCfg = Debug|x64
		{923C2D32-94C3-4946-AF9D-A0476A1EEA0C}.Debug|x64.Build.0 = Debug|x64
		{923C2D32-94C3-4946-AF9D-A0476A1EEA0C}.Debug|x86.ActiveCfg = Debug|Win32
		{923C2D32-94C3-4946-AF9D-A0476A1EEA0C}.Debug|x86.Build.0 = Debug|Win32
		{923C2D32-94C3-4946-AF9D-A0476A1EEA0C}.Release|x64.ActiveCfg = Release|x64
		{923C2D32-94C3-4946-AF9D-A0476A1EEA0C}.Release|x64.Build.0 = Release|x64
		{923C2D32-94C3-4946-AF9D-A0476A1EEA0C}.Release|x86.ActiveCfg = Release|Win32
		{923C2D32-94C3-4946-AF9D-A0476A1EEA0C}.Release|x86.Build.0 = Release|Win32
		{D2C55BDB-6347-4B26-A951-56E640708FA6}.Debug|x64.ActiveCfg = Debug|x64
		{D2C55BDB-6347-4B26-A951-56E640708FA6}.Debug|x64.Build.0 = Debug|x64
		{D2C55BDB-6347-4B26-A951-56E640708FA6}.Debug|x86.ActiveCfg = Debug|Win32
		{D2C55BDB-6347-4B26-A951-56E640708FA6}.Debug|x86.Build.0 = Debug|Win32
		{D2C55BDB-6347-4B26-A951-56E640708FA6}.Release|x64.ActiveCfg = Release|x64
		{D2C55BDB-6347-4B26-A951-56E640708FA6}.Release|x64.Build.0 = Release|x64
		{D2C55BDB-6347-4B26-A951-56E640708FA6}.Release|x86.ActiveCfg = Release|Win32
		{D2C55BDB-6347-4B26-A951-56E640708FA6}.Release|x86.Build.0 = Release|Win32
		{AC34B03C-B32F-491E-A9D7-7B0A314013C7}.Debug|x64.ActiveCfg = Debug|x64
		{AC34B03C-B32F-491E-A9D7-7B0A314013C7}.Debug|x64.Build.0 = Debug|x64
		{AC34B03C-B32F-491E-A9D7-7B0A314013C7}.Debug|x86.ActiveCfg = Debug|Win32
		{AC34B03C-B32F-491E-A9D7-7B0A314013C7}.Debug|x86.Build.0 = Debug|Win32
		{AC34B03C-B32F-491E-A9D7-7B0A314013C7}.Release|x64.ActiveCfg = Release|x64
		{AC34B03C-B32F-491E-A9D7-7B0A314013C7}.Release|x64.Build.0 = Release|x64
		{AC34B03C-B32F-491E-A9D7-7B0A314013C7}.Release|x86.ActiveCfg = Release|Win32
		{AC34B03C-B32F-491E-A9D7-7B0A314013C7}.Release|x86.Build.0 = Release|Win32
		{5AE0CE03-1E5D-47D6-9BB0-54948F14936D}.Debug|x64.ActiveCfg = Debug|x64
		{5AE0CE03-1E5D-47D6-9BB0-54948F14936D}.Debug|x64.Build.0 = Debug|x64
		{5AE0CE03-1E5D-47D6-9BB0-54948F14936D}.Debug|x86.ActiveCfg = Debug|Win32
		{5AE0CE03-1E5D-47D6-9BB0-54948F14936D}.Debug|x86.Build.0 = Debug|Win32
		{5AE0CE03-1E5D-47D6-9BB0-54948F14936D}.Release|x64.ActiveCfg = Release|x64
		{5AE0CE03-1E5D-47D6-9BB0-54948F14936D}.Release|x64.Build.0 = Release|x64
		{5AE0CE03-1E5D-47D6-9BB0-54948F14936D}.Release|x86.ActiveCfg = Release|Win32
		{5AE0CE03-1E5D-47D6-9BB0-54948F14936D}.Release|x86.Build.0 = Release|Win32
		{A6DA4950-96C2-482C-84C5-140FFE858C95}.Debug|x64.ActiveCfg = Debug|x64
		{A6DA4950-96C2-482C-84C5-140FFE858C95}.Debug|x64.Build.0 = Debug|x64
		{A6DA4950-96C2-482C-84C5-140FFE858C95}.Debug|x86.ActiveCfg = Debug|Win32
		{A6DA4950-96C2-482C-84C5-140FFE858C95}.Debug|x86.Build.0 = Debug|Win32
		{A6DA4950-96C2-482C-84C5-140FFE858C95}.Release|x64.ActiveCfg = Release|x64
		{A6DA4950-96C2-482C-84C5-140FFE858C95}.Release|x64.Build.0 = Release|x64
		{A6DA4950-96C2-482C-84C5-140FFE858C95}.Release|x86.ActiveCfg = Release|Win32
		{A6DA4950-96C2-482C-84C5-140FFE858C95}.Release|x86.Build.0 = Release|Win32
		{7544D2EA-300C-4AEB-AA7F-438762AE001F}.Debug|x64.ActiveCfg = Debug|x64
		{7544D2EA-300C-4AEB-AA7F-438762AE001F}.Debug|x64.Build.0 = Debug|x64
		{7544D2EA-300C-4AEB-AA7F-438762AE001F}.Debug|x86.ActiveCfg = Debug|Win32
		{7544D2EA-300C-4AEB-AA7F-438762AE001F}.Debug|x86.Build.0 = Debug|Win32
		{7544D2EA-300C-4AEB-AA7F-438762AE001F}.Release|x64.ActiveCfg = Release|x64
		{7544D2EA-300C-4AEB-AA7F-438762AE001F}.Release|x64.Build.0 = Release|x64
		{7544D2EA-300C-4AEB-AA7F-438762AE001F}.Release|x86.ActiveCfg = Release|Win32
		{7544D2EA-300C-4AEB-AA7F-438762AE001F}.Release|x86.Build.0 = Release|Win32
	EndGlobalSection
	GlobalSection(SolutionProperties) = preSolution
		HideSolutionNode = FALSE
	EndGlobalSection
	GlobalSection(ExtensibilityGlobals) = postSolution
		SolutionGuid = {54E14FB2-78DF-4E69-8DFA-CD08E47342D7}
	EndGlobalSection
EndGlobal
